
Microsoft Visual Studio Solution File, Format Version 12.00
# Visual Studio Version 17
VisualStudioVersion = 17.7.34031.279
MinimumVisualStudioVersion = 10.0.40219.1
Project("{FAE04EC0-301F-11D3-BF4B-00C04F79EFBC}") = "EmployeeOOP", "EmployeeOOP\EmployeeOOP.csproj", "{FDDA3C1E-2DC5-47AD-9420-318C4C3DFCD7}"
EndProject
Global
	GlobalSection(SolutionConfigurationPlatforms) = preSolution
		Debug|Any CPU = Debug|Any CPU
		Release|Any CPU = Release|Any CPU
	EndGlobalSection
	GlobalSection(ProjectConfigurationPlatforms) = postSolution
		{FDDA3C1E-2DC5-47AD-9420-318C4C3DFCD7}.Debug|Any CPU.ActiveCfg = Debug|Any CPU
		{FDDA3C1E-2DC5-47AD-9420-318C4C3DFCD7}.Debug|Any CPU.Build.0 = Debug|Any CPU
		{FDDA3C1E-2DC5-47AD-9420-318C4C3DFCD7}.Release|Any CPU.ActiveCfg = Release|Any CPU
		{FDDA3C1E-2DC5-47AD-9420-318C4C3DFCD7}.Release|Any CPU.Build.0 = Release|Any CPU
	EndGlobalSection
	GlobalSection(SolutionProperties) = preSolution
		HideSolutionNode = FALSE
	EndGlobalSection
	GlobalSection(ExtensibilityGlobals) = postSolution
		SolutionGuid = {67AB203D-A4BF-4684-B133-6A176492DDE4}
	EndGlobalSection
EndGlobal
